{
  "name": "orange-cat-lens",
  "version": "0.0.1",
  "lockfileVersion": 3,
  "requires": true,
  "packages": {
    "": {
      "name": "orange-cat-lens",
      "version": "0.0.1",
      "dependencies": {
        "orange-cat-lens": "file:"
      },
      "engines": {
        "vscode": "^1.92.0"
      }
    },
    "node_modules/orange-cat-lens": {
      "resolved": "",
      "link": true
    }
  }
}
